
Microsoft Visual Studio Solution File, Format Version 12.00
# Visual Studio 15
VisualStudioVersion = 15.0.28307.1082
MinimumVisualStudioVersion = 10.0.40219.1
Project("{FAE04EC0-301F-11D3-BF4B-00C04F79EFBC}") = "Movies.Android", "Movies\Movies.Android\Movies.Android.csproj", "{D6F85899-1690-4157-A8F4-C2B759779F6D}"
EndProject
Project("{FAE04EC0-301F-11D3-BF4B-00C04F79EFBC}") = "Movies.iOS", "Movies\Movies.iOS\Movies.iOS.csproj", "{BD2C25EB-0C43-4253-9589-098791DB9340}"
EndProject
Project("{FAE04EC0-301F-11D3-BF4B-00C04F79EFBC}") = "Movies", "Movies\Movies\Movies.csproj", "{7DB5C49C-A440-476E-8491-AB774897150F}"
EndProject
Global
	GlobalSection(SolutionConfigurationPlatforms) = preSolution
		Ad-Hoc|Any CPU = Ad-Hoc|Any CPU
		Ad-Hoc|iPhone = Ad-Hoc|iPhone
		Ad-Hoc|iPhoneSimulator = Ad-Hoc|iPhoneSimulator
		AppStore|Any CPU = AppStore|Any CPU
		AppStore|iPhone = AppStore|iPhone
		AppStore|iPhoneSimulator = AppStore|iPhoneSimulator
		Debug|Any CPU = Debug|Any CPU
		Debug|iPhone = Debug|iPhone
		Debug|iPhoneSimulator = Debug|iPhoneSimulator
		Release|Any CPU = Release|Any CPU
		Release|iPhone = Release|iPhone
		Release|iPhoneSimulator = Release|iPhoneSimulator
	EndGlobalSection
	GlobalSection(ProjectConfigurationPlatforms) = postSolution
		{D6F85899-1690-4157-A8F4-C2B759779F6D}.Ad-Hoc|Any CPU.ActiveCfg = Release|Any CPU
		{D6F85899-1690-4157-A8F4-C2B759779F6D}.Ad-Hoc|Any CPU.Build.0 = Release|Any CPU
		{D6F85899-1690-4157-A8F4-C2B759779F6D}.Ad-Hoc|Any CPU.Deploy.0 = Release|Any CPU
		{D6F85899-1690-4157-A8F4-C2B759779F6D}.Ad-Hoc|iPhone.ActiveCfg = Release|Any CPU
		{D6F85899-1690-4157-A8F4-C2B759779F6D}.Ad-Hoc|iPhone.Build.0 = Release|Any CPU
		{D6F85899-1690-4157-A8F4-C2B759779F6D}.Ad-Hoc|iPhone.Deploy.0 = Release|Any CPU
		{D6F85899-1690-4157-A8F4-C2B759779F6D}.Ad-Hoc|iPhoneSimulator.ActiveCfg = Release|Any CPU
		{D6F85899-1690-4157-A8F4-C2B759779F6D}.Ad-Hoc|iPhoneSimulator.Build.0 = Release|Any CPU
		{D6F85899-1690-4157-A8F4-C2B759779F6D}.Ad-Hoc|iPhoneSimulator.Deploy.0 = Release|Any CPU
		{D6F85899-1690-4157-A8F4-C2B759779F6D}.AppStore|Any CPU.ActiveCfg = Release|Any CPU
		{D6F85899-1690-4157-A8F4-C2B759779F6D}.AppStore|Any CPU.Build.0 = Release|Any CPU
		{D6F85899-1690-4157-A8F4-C2B759779F6D}.AppStore|Any CPU.Deploy.0 = Release|Any CPU
		{D6F85899-1690-4157-A8F4-C2B759779F6D}.AppStore|iPhone.ActiveCfg = Release|Any CPU
		{D6F85899-1690-4157-A8F4-C2B759779F6D}.AppStore|iPhone.Build.0 = Release|Any CPU
		{D6F85899-1690-4157-A8F4-C2B759779F6D}.AppStore|iPhone.Deploy.0 = Release|Any CPU
		{D6F85899-1690-4157-A8F4-C2B759779F6D}.AppStore|iPhoneSimulator.ActiveCfg = Release|Any CPU
		{D6F85899-1690-4157-A8F4-C2B759779F6D}.AppStore|iPhoneSimulator.Build.0 = Release|Any CPU
		{D6F85899-1690-4157-A8F4-C2B759779F6D}.AppStore|iPhoneSimulator.Deploy.0 = Release|Any CPU
		{D6F85899-1690-4157-A8F4-C2B759779F6D}.Debug|Any CPU.ActiveCfg = Debug|Any CPU
		{D6F85899-1690-4157-A8F4-C2B759779F6D}.Debug|Any CPU.Build.0 = Debug|Any CPU
		{D6F85899-1690-4157-A8F4-C2B759779F6D}.Debug|Any CPU.Deploy.0 = Debug|Any CPU
		{D6F85899-1690-4157-A8F4-C2B759779F6D}.Debug|iPhone.ActiveCfg = Debug|Any CPU
		{D6F85899-1690-4157-A8F4-C2B759779F6D}.Debug|iPhone.Build.0 = Debug|Any CPU
		{D6F85899-1690-4157-A8F4-C2B759779F6D}.Debug|iPhone.Deploy.0 = Debug|Any CPU
		{D6F85899-1690-4157-A8F4-C2B759779F6D}.Debug|iPhoneSimulator.ActiveCfg = Debug|Any CPU
		{D6F85899-1690-4157-A8F4-C2B759779F6D}.Debug|iPhoneSimulator.Build.0 = Debug|Any CPU
		{D6F85899-1690-4157-A8F4-C2B759779F6D}.Debug|iPhoneSimulator.Deploy.0 = Debug|Any CPU
		{D6F85899-1690-4157-A8F4-C2B759779F6D}.Release|Any CPU.ActiveCfg = Release|Any CPU
		{D6F85899-1690-4157-A8F4-C2B759779F6D}.Release|Any CPU.Build.0 = Release|Any CPU
		{D6F85899-1690-4157-A8F4-C2B759779F6D}.Release|Any CPU.Deploy.0 = Release|Any CPU
		{D6F85899-1690-4157-A8F4-C2B759779F6D}.Release|iPhone.ActiveCfg = Release|Any CPU
		{D6F85899-1690-4157-A8F4-C2B759779F6D}.Release|iPhone.Build.0 = Release|Any CPU
		{D6F85899-1690-4157-A8F4-C2B759779F6D}.Release|iPhone.Deploy.0 = Release|Any CPU
		{D6F85899-1690-4157-A8F4-C2B759779F6D}.Release|iPhoneSimulator.ActiveCfg = Release|Any CPU
		{D6F85899-1690-4157-A8F4-C2B759779F6D}.Release|iPhoneSimulator.Build.0 = Release|Any CPU
		{D6F85899-1690-4157-A8F4-C2B759779F6D}.Release|iPhoneSimulator.Deploy.0 = Release|Any CPU
		{BD2C25EB-0C43-4253-9589-098791DB9340}.Ad-Hoc|Any CPU.ActiveCfg = Ad-Hoc|iPhone
		{BD2C25EB-0C43-4253-9589-098791DB9340}.Ad-Hoc|Any CPU.Build.0 = Ad-Hoc|iPhone
		{BD2C25EB-0C43-4253-9589-098791DB9340}.Ad-Hoc|Any CPU.Deploy.0 = Ad-Hoc|iPhone
		{BD2C25EB-0C43-4253-9589-098791DB9340}.Ad-Hoc|iPhone.ActiveCfg = Ad-Hoc|iPhone
		{BD2C25EB-0C43-4253-9589-098791DB9340}.Ad-Hoc|iPhone.Build.0 = Ad-Hoc|iPhone
		{BD2C25EB-0C43-4253-9589-098791DB9340}.Ad-Hoc|iPhone.Deploy.0 = Ad-Hoc|iPhone
		{BD2C25EB-0C43-4253-9589-098791DB9340}.Ad-Hoc|iPhoneSimulator.ActiveCfg = Ad-Hoc|iPhoneSimulator
		{BD2C25EB-0C43-4253-9589-098791DB9340}.Ad-Hoc|iPhoneSimulator.Build.0 = Ad-Hoc|iPhoneSimulator
		{BD2C25EB-0C43-4253-9589-098791DB9340}.Ad-Hoc|iPhoneSimulator.Deploy.0 = Ad-Hoc|iPhoneSimulator
		{BD2C25EB-0C43-4253-9589-098791DB9340}.AppStore|Any CPU.ActiveCfg = AppStore|iPhone
		{BD2C25EB-0C43-4253-9589-098791DB9340}.AppStore|Any CPU.Build.0 = AppStore|iPhone
		{BD2C25EB-0C43-4253-9589-098791DB9340}.AppStore|Any CPU.Deploy.0 = AppStore|iPhone
		{BD2C25EB-0C43-4253-9589-098791DB9340}.AppStore|iPhone.ActiveCfg = AppStore|iPhone
		{BD2C25EB-0C43-4253-9589-098791DB9340}.AppStore|iPhone.Build.0 = AppStore|iPhone
		{BD2C25EB-0C43-4253-9589-098791DB9340}.AppStore|iPhone.Deploy.0 = AppStore|iPhone
		{BD2C25EB-0C43-4253-9589-098791DB9340}.AppStore|iPhoneSimulator.ActiveCfg = AppStore|iPhoneSimulator
		{BD2C25EB-0C43-4253-9589-098791DB9340}.AppStore|iPhoneSimulator.Build.0 = AppStore|iPhoneSimulator
		{BD2C25EB-0C43-4253-9589-098791DB9340}.AppStore|iPhoneSimulator.Deploy.0 = AppStore|iPhoneSimulator
		{BD2C25EB-0C43-4253-9589-098791DB9340}.Debug|Any CPU.ActiveCfg = Debug|iPhoneSimulator
		{BD2C25EB-0C43-4253-9589-098791DB9340}.Debug|Any CPU.Build.0 = Debug|iPhoneSimulator
		{BD2C25EB-0C43-4253-9589-098791DB9340}.Debug|Any CPU.Deploy.0 = Debug|iPhoneSimulator
		{BD2C25EB-0C43-4253-9589-098791DB9340}.Debug|iPhone.ActiveCfg = Debug|iPhone
		{BD2C25EB-0C43-4253-9589-098791DB9340}.Debug|iPhone.Build.0 = Debug|iPhone
		{BD2C25EB-0C43-4253-9589-098791DB9340}.Debug|iPhone.Deploy.0 = Debug|iPhone
		{BD2C25EB-0C43-4253-9589-098791DB9340}.Debug|iPhoneSimulator.ActiveCfg = Debug|iPhoneSimulator
		{BD2C25EB-0C43-4253-9589-098791DB9340}.Debug|iPhoneSimulator.Build.0 = Debug|iPhoneSimulator
		{BD2C25EB-0C43-4253-9589-098791DB9340}.Debug|iPhoneSimulator.Deploy.0 = Debug|iPhoneSimulator
		{BD2C25EB-0C43-4253-9589-098791DB9340}.Release|Any CPU.ActiveCfg = Release|iPhone
		{BD2C25EB-0C43-4253-9589-098791DB9340}.Release|Any CPU.Build.0 = Release|iPhone
		{BD2C25EB-0C43-4253-9589-098791DB9340}.Release|Any CPU.Deploy.0 = Release|iPhone
		{BD2C25EB-0C43-4253-9589-098791DB9340}.Release|iPhone.ActiveCfg = Release|iPhone
		{BD2C25EB-0C43-4253-9589-098791DB9340}.Release|iPhone.Build.0 = Release|iPhone
		{BD2C25EB-0C43-4253-9589-098791DB9340}.Release|iPhone.Deploy.0 = Release|iPhone
		{BD2C25EB-0C43-4253-9589-098791DB9340}.Release|iPhoneSimulator.ActiveCfg = Release|iPhoneSimulator
		{BD2C25EB-0C43-4253-9589-098791DB9340}.Release|iPhoneSimulator.Build.0 = Release|iPhoneSimulator
		{BD2C25EB-0C43-4253-9589-098791DB9340}.Release|iPhoneSimulator.Deploy.0 = Release|iPhoneSimulator
		{7DB5C49C-A440-476E-8491-AB774897150F}.Ad-Hoc|Any CPU.ActiveCfg = Debug|Any CPU
		{7DB5C49C-A440-476E-8491-AB774897150F}.Ad-Hoc|Any CPU.Build.0 = Debug|Any CPU
		{7DB5C49C-A440-476E-8491-AB774897150F}.Ad-Hoc|Any CPU.Deploy.0 = Debug|Any CPU
		{7DB5C49C-A440-476E-8491-AB774897150F}.Ad-Hoc|iPhone.ActiveCfg = Debug|Any CPU
		{7DB5C49C-A440-476E-8491-AB774897150F}.Ad-Hoc|iPhone.Build.0 = Debug|Any CPU
		{7DB5C49C-A440-476E-8491-AB774897150F}.Ad-Hoc|iPhone.Deploy.0 = Debug|Any CPU
		{7DB5C49C-A440-476E-8491-AB774897150F}.Ad-Hoc|iPhoneSimulator.ActiveCfg = Debug|Any CPU
		{7DB5C49C-A440-476E-8491-AB774897150F}.Ad-Hoc|iPhoneSimulator.Build.0 = Debug|Any CPU
		{7DB5C49C-A440-476E-8491-AB774897150F}.Ad-Hoc|iPhoneSimulator.Deploy.0 = Debug|Any CPU
		{7DB5C49C-A440-476E-8491-AB774897150F}.AppStore|Any CPU.ActiveCfg = Debug|Any CPU
		{7DB5C49C-A440-476E-8491-AB774897150F}.AppStore|Any CPU.Build.0 = Debug|Any CPU
		{7DB5C49C-A440-476E-8491-AB774897150F}.AppStore|Any CPU.Deploy.0 = Debug|Any CPU
		{7DB5C49C-A440-476E-8491-AB774897150F}.AppStore|iPhone.ActiveCfg = Debug|Any CPU
		{7DB5C49C-A440-476E-8491-AB774897150F}.AppStore|iPhone.Build.0 = Debug|Any CPU
		{7DB5C49C-A440-476E-8491-AB774897150F}.AppStore|iPhone.Deploy.0 = Debug|Any CPU
		{7DB5C49C-A440-476E-8491-AB774897150F}.AppStore|iPhoneSimulator.ActiveCfg = Debug|Any CPU
		{7DB5C49C-A440-476E-8491-AB774897150F}.AppStore|iPhoneSimulator.Build.0 = Debug|Any CPU
		{7DB5C49C-A440-476E-8491-AB774897150F}.AppStore|iPhoneSimulator.Deploy.0 = Debug|Any CPU
		{7DB5C49C-A440-476E-8491-AB774897150F}.Debug|Any CPU.ActiveCfg = Debug|Any CPU
		{7DB5C49C-A440-476E-8491-AB774897150F}.Debug|Any CPU.Build.0 = Debug|Any CPU
		{7DB5C49C-A440-476E-8491-AB774897150F}.Debug|Any CPU.Deploy.0 = Debug|Any CPU
		{7DB5C49C-A440-476E-8491-AB774897150F}.Debug|iPhone.ActiveCfg = Debug|Any CPU
		{7DB5C49C-A440-476E-8491-AB774897150F}.Debug|iPhone.Build.0 = Debug|Any CPU
		{7DB5C49C-A440-476E-8491-AB774897150F}.Debug|iPhone.Deploy.0 = Debug|Any CPU
		{7DB5C49C-A440-476E-8491-AB774897150F}.Debug|iPhoneSimulator.ActiveCfg = Debug|Any CPU
		{7DB5C49C-A440-476E-8491-AB774897150F}.Debug|iPhoneSimulator.Build.0 = Debug|Any CPU
		{7DB5C49C-A440-476E-8491-AB774897150F}.Debug|iPhoneSimulator.Deploy.0 = Debug|Any CPU
		{7DB5C49C-A440-476E-8491-AB774897150F}.Release|Any CPU.ActiveCfg = Release|Any CPU
		{7DB5C49C-A440-476E-8491-AB774897150F}.Release|Any CPU.Build.0 = Release|Any CPU
		{7DB5C49C-A440-476E-8491-AB774897150F}.Release|Any CPU.Deploy.0 = Release|Any CPU
		{7DB5C49C-A440-476E-8491-AB774897150F}.Release|iPhone.ActiveCfg = Release|Any CPU
		{7DB5C49C-A440-476E-8491-AB774897150F}.Release|iPhone.Build.0 = Release|Any CPU
		{7DB5C49C-A440-476E-8491-AB774897150F}.Release|iPhone.Deploy.0 = Release|Any CPU
		{7DB5C49C-A440-476E-8491-AB774897150F}.Release|iPhoneSimulator.ActiveCfg = Release|Any CPU
		{7DB5C49C-A440-476E-8491-AB774897150F}.Release|iPhoneSimulator.Build.0 = Release|Any CPU
		{7DB5C49C-A440-476E-8491-AB774897150F}.Release|iPhoneSimulator.Deploy.0 = Release|Any CPU
	EndGlobalSection
	GlobalSection(SolutionProperties) = preSolution
		HideSolutionNode = FALSE
	EndGlobalSection
	GlobalSection(ExtensibilityGlobals) = postSolution
		SolutionGuid = {9545AE43-7806-4828-960F-912F981A25E5}
	EndGlobalSection
EndGlobal
